
Microsoft Visual Studio Solution File, Format Version 12.00
# Visual Studio Version 17
VisualStudioVersion = 17.10.35004.147
MinimumVisualStudioVersion = 10.0.40219.1
Project("{FAE04EC0-301F-11D3-BF4B-00C04F79EFBC}") = "AlpiniCalculatorWPF", "AlpiniCalculatorWPF\AlpiniCalculatorWPF.csproj", "{4106346A-CF35-4A00-A520-F7AC63A5ABBC}"
EndProject
Global
	GlobalSection(SolutionConfigurationPlatforms) = preSolution
		Debug|Any CPU = Debug|Any CPU
		Release|Any CPU = Release|Any CPU
	EndGlobalSection
	GlobalSection(ProjectConfigurationPlatforms) = postSolution
		{4106346A-CF35-4A00-A520-F7AC63A5ABBC}.Debug|Any CPU.ActiveCfg = Debug|Any CPU
		{4106346A-CF35-4A00-A520-F7AC63A5ABBC}.Debug|Any CPU.Build.0 = Debug|Any CPU
		{4106346A-CF35-4A00-A520-F7AC63A5ABBC}.Release|Any CPU.ActiveCfg = Release|Any CPU
		{4106346A-CF35-4A00-A520-F7AC63A5ABBC}.Release|Any CPU.Build.0 = Release|Any CPU
	EndGlobalSection
	GlobalSection(SolutionProperties) = preSolution
		HideSolutionNode = FALSE
	EndGlobalSection
	GlobalSection(ExtensibilityGlobals) = postSolution
		SolutionGuid = {1CB9F796-5AED-4F40-B5F9-99870599ACCB}
	EndGlobalSection
EndGlobal
